
Microsoft Visual Studio Solution File, Format Version 12.00
# Visual Studio Version 16
VisualStudioVersion = 16.0.29201.188
MinimumVisualStudioVersion = 10.0.40219.1
Project("{9A19103F-16F7-4668-BE54-9A1E7A4F7556}") = "Zicore.Neat.Console", "Zicore.Neat.Console\Zicore.Neat.Console.csproj", "{5A6BF6F9-113A-478D-B0DC-339195564557}"
EndProject
Project("{9A19103F-16F7-4668-BE54-9A1E7A4F7556}") = "Zicore.Neat", "Zicore.Neat\Zicore.Neat.csproj", "{C23E0791-4795-48C7-8073-68EDD883A617}"
EndProject
Project("{9A19103F-16F7-4668-BE54-9A1E7A4F7556}") = "Zicore.Neat.IO", "Zicore.Neat.IO\Zicore.Neat.IO.csproj", "{8E2974AF-F25F-44F0-A642-2660B7D4378C}"
EndProject
Project("{FAE04EC0-301F-11D3-BF4B-00C04F79EFBC}") = "Zicore.Neat.Visualization", "Zicore.Neat.Visualization\Zicore.Neat.Visualization.csproj", "{D77EB820-22DA-4C6E-B347-D92C491C7282}"
EndProject
Global
	GlobalSection(SolutionConfigurationPlatforms) = preSolution
		Debug|Any CPU = Debug|Any CPU
		Release|Any CPU = Release|Any CPU
	EndGlobalSection
	GlobalSection(ProjectConfigurationPlatforms) = postSolution
		{5A6BF6F9-113A-478D-B0DC-339195564557}.Debug|Any CPU.ActiveCfg = Debug|Any CPU
		{5A6BF6F9-113A-478D-B0DC-339195564557}.Debug|Any CPU.Build.0 = Debug|Any CPU
		{5A6BF6F9-113A-478D-B0DC-339195564557}.Release|Any CPU.ActiveCfg = Release|Any CPU
		{5A6BF6F9-113A-478D-B0DC-339195564557}.Release|Any CPU.Build.0 = Release|Any CPU
		{C23E0791-4795-48C7-8073-68EDD883A617}.Debug|Any CPU.ActiveCfg = Debug|Any CPU
		{C23E0791-4795-48C7-8073-68EDD883A617}.Debug|Any CPU.Build.0 = Debug|Any CPU
		{C23E0791-4795-48C7-8073-68EDD883A617}.Release|Any CPU.ActiveCfg = Release|Any CPU
		{C23E0791-4795-48C7-8073-68EDD883A617}.Release|Any CPU.Build.0 = Release|Any CPU
		{8E2974AF-F25F-44F0-A642-2660B7D4378C}.Debug|Any CPU.ActiveCfg = Debug|Any CPU
		{8E2974AF-F25F-44F0-A642-2660B7D4378C}.Debug|Any CPU.Build.0 = Debug|Any CPU
		{8E2974AF-F25F-44F0-A642-2660B7D4378C}.Release|Any CPU.ActiveCfg = Release|Any CPU
		{8E2974AF-F25F-44F0-A642-2660B7D4378C}.Release|Any CPU.Build.0 = Release|Any CPU
		{D77EB820-22DA-4C6E-B347-D92C491C7282}.Debug|Any CPU.ActiveCfg = Debug|Any CPU
		{D77EB820-22DA-4C6E-B347-D92C491C7282}.Debug|Any CPU.Build.0 = Debug|Any CPU
		{D77EB820-22DA-4C6E-B347-D92C491C7282}.Release|Any CPU.ActiveCfg = Release|Any CPU
		{D77EB820-22DA-4C6E-B347-D92C491C7282}.Release|Any CPU.Build.0 = Release|Any CPU
	EndGlobalSection
	GlobalSection(SolutionProperties) = preSolution
		HideSolutionNode = FALSE
	EndGlobalSection
	GlobalSection(ExtensibilityGlobals) = postSolution
		SolutionGuid = {3CA310B0-11EE-4266-BB3B-B905D4DF04DF}
	EndGlobalSection
EndGlobal
